
Microsoft Visual Studio Solution File, Format Version 12.00
# Visual Studio 14
VisualStudioVersion = 14.0.23107.0
MinimumVisualStudioVersion = 10.0.40219.1
Project("{2150E333-8FDC-42A3-9474-1A3956D46DE8}") = "src", "src", "{52412EFB-4B46-4F59-8BBE-DEE30865B908}"
EndProject
Project("{2150E333-8FDC-42A3-9474-1A3956D46DE8}") = "tests", "tests", "{AECD6714-BB36-4735-9140-B956C2F3BED3}"
EndProject
Project("{FAE04EC0-301F-11D3-BF4B-00C04F79EFBC}") = "WebChat.DataAccess", "src\WebChat.DataAccess\WebChat.DataAccess.csproj", "{88BDCF76-562C-42A0-A8E3-FA522A1E4AE6}"
EndProject
Project("{FAE04EC0-301F-11D3-BF4B-00C04F79EFBC}") = "WebChat.BusinessLogic", "src\WebChat.BusinessLogic\WebChat.BusinessLogic.csproj", "{63EFF309-6A29-4481-9FF0-7BD5EF0A658A}"
EndProject
Project("{FAE04EC0-301F-11D3-BF4B-00C04F79EFBC}") = "WebChat.WebUI", "src\WebChat.WebUI\WebChat.WebUI.csproj", "{939F1CB4-3773-4C43-BCB1-526D38D2F8F3}"
EndProject
Project("{FAE04EC0-301F-11D3-BF4B-00C04F79EFBC}") = "WebChat.UnitTest", "tests\WebChat.UnitTest\WebChat.UnitTest.csproj", "{58F021EF-767F-4775-9E07-C85094599E0D}"
EndProject
Project("{FAE04EC0-301F-11D3-BF4B-00C04F79EFBC}") = "WebChat.Models", "src\WebChat.Models\WebChat.Models.csproj", "{3419782F-5B41-4EDC-8BD2-39DD519D2E13}"
EndProject
Project("{FAE04EC0-301F-11D3-BF4B-00C04F79EFBC}") = "WebChat.ViewModels", "src\WebChat.ViewModels\WebChat.ViewModels.csproj", "{B00740CD-2386-4973-8B8D-EA05B04C3F03}"
EndProject
Project("{FAE04EC0-301F-11D3-BF4B-00C04F79EFBC}") = "WebChat.Infrastructure", "src\WebChat.Infrastructure\WebChat.Infrastructure.csproj", "{D62DF481-525C-48A6-B3DF-CA2DF24EBD78}"
EndProject
Project("{FAE04EC0-301F-11D3-BF4B-00C04F79EFBC}") = "WebChat.RealTimeWebService", "src\WebChat.RealTimeWebService\WebChat.RealTimeWebService.csproj", "{3C8E00C8-4C31-42FE-81A0-DE61EB096389}"
EndProject
Project("{FAE04EC0-301F-11D3-BF4B-00C04F79EFBC}") = "WebChat.ApplicationBootstrap", "src\WebChat.ApplicationBootstrap\WebChat.ApplicationBootstrap.csproj", "{7C9A88E4-DBD4-40A2-AE47-05B169205261}"
EndProject
Project("{FAE04EC0-301F-11D3-BF4B-00C04F79EFBC}") = "WebChat.Common", "src\WebChat.Common\WebChat.Common.csproj", "{70CF09A0-D374-42A2-851C-5C934C5E7EB0}"
EndProject
Global
	GlobalSection(SolutionConfigurationPlatforms) = preSolution
		Debug|Any CPU = Debug|Any CPU
		Release|Any CPU = Release|Any CPU
	EndGlobalSection
	GlobalSection(ProjectConfigurationPlatforms) = postSolution
		{88BDCF76-562C-42A0-A8E3-FA522A1E4AE6}.Debug|Any CPU.ActiveCfg = Debug|Any CPU
		{88BDCF76-562C-42A0-A8E3-FA522A1E4AE6}.Debug|Any CPU.Build.0 = Debug|Any CPU
		{88BDCF76-562C-42A0-A8E3-FA522A1E4AE6}.Release|Any CPU.ActiveCfg = Release|Any CPU
		{88BDCF76-562C-42A0-A8E3-FA522A1E4AE6}.Release|Any CPU.Build.0 = Release|Any CPU
		{63EFF309-6A29-4481-9FF0-7BD5EF0A658A}.Debug|Any CPU.ActiveCfg = Debug|Any CPU
		{63EFF309-6A29-4481-9FF0-7BD5EF0A658A}.Debug|Any CPU.Build.0 = Debug|Any CPU
		{63EFF309-6A29-4481-9FF0-7BD5EF0A658A}.Release|Any CPU.ActiveCfg = Release|Any CPU
		{63EFF309-6A29-4481-9FF0-7BD5EF0A658A}.Release|Any CPU.Build.0 = Release|Any CPU
		{939F1CB4-3773-4C43-BCB1-526D38D2F8F3}.Debug|Any CPU.ActiveCfg = Debug|Any CPU
		{939F1CB4-3773-4C43-BCB1-526D38D2F8F3}.Debug|Any CPU.Build.0 = Debug|Any CPU
		{939F1CB4-3773-4C43-BCB1-526D38D2F8F3}.Release|Any CPU.ActiveCfg = Release|Any CPU
		{939F1CB4-3773-4C43-BCB1-526D38D2F8F3}.Release|Any CPU.Build.0 = Release|Any CPU
		{58F021EF-767F-4775-9E07-C85094599E0D}.Debug|Any CPU.ActiveCfg = Debug|Any CPU
		{58F021EF-767F-4775-9E07-C85094599E0D}.Debug|Any CPU.Build.0 = Debug|Any CPU
		{58F021EF-767F-4775-9E07-C85094599E0D}.Release|Any CPU.ActiveCfg = Release|Any CPU
		{58F021EF-767F-4775-9E07-C85094599E0D}.Release|Any CPU.Build.0 = Release|Any CPU
		{3419782F-5B41-4EDC-8BD2-39DD519D2E13}.Debug|Any CPU.ActiveCfg = Debug|Any CPU
		{3419782F-5B41-4EDC-8BD2-39DD519D2E13}.Debug|Any CPU.Build.0 = Debug|Any CPU
		{3419782F-5B41-4EDC-8BD2-39DD519D2E13}.Release|Any CPU.ActiveCfg = Release|Any CPU
		{3419782F-5B41-4EDC-8BD2-39DD519D2E13}.Release|Any CPU.Build.0 = Release|Any CPU
		{B00740CD-2386-4973-8B8D-EA05B04C3F03}.Debug|Any CPU.ActiveCfg = Debug|Any CPU
		{B00740CD-2386-4973-8B8D-EA05B04C3F03}.Debug|Any CPU.Build.0 = Debug|Any CPU
		{B00740CD-2386-4973-8B8D-EA05B04C3F03}.Release|Any CPU.ActiveCfg = Release|Any CPU
		{B00740CD-2386-4973-8B8D-EA05B04C3F03}.Release|Any CPU.Build.0 = Release|Any CPU
		{D62DF481-525C-48A6-B3DF-CA2DF24EBD78}.Debug|Any CPU.ActiveCfg = Debug|Any CPU
		{D62DF481-525C-48A6-B3DF-CA2DF24EBD78}.Debug|Any CPU.Build.0 = Debug|Any CPU
		{D62DF481-525C-48A6-B3DF-CA2DF24EBD78}.Release|Any CPU.ActiveCfg = Release|Any CPU
		{D62DF481-525C-48A6-B3DF-CA2DF24EBD78}.Release|Any CPU.Build.0 = Release|Any CPU
		{3C8E00C8-4C31-42FE-81A0-DE61EB096389}.Debug|Any CPU.ActiveCfg = Debug|Any CPU
		{3C8E00C8-4C31-42FE-81A0-DE61EB096389}.Debug|Any CPU.Build.0 = Debug|Any CPU
		{3C8E00C8-4C31-42FE-81A0-DE61EB096389}.Release|Any CPU.ActiveCfg = Release|Any CPU
		{3C8E00C8-4C31-42FE-81A0-DE61EB096389}.Release|Any CPU.Build.0 = Release|Any CPU
		{7C9A88E4-DBD4-40A2-AE47-05B169205261}.Debug|Any CPU.ActiveCfg = Debug|Any CPU
		{7C9A88E4-DBD4-40A2-AE47-05B169205261}.Debug|Any CPU.Build.0 = Debug|Any CPU
		{7C9A88E4-DBD4-40A2-AE47-05B169205261}.Release|Any CPU.ActiveCfg = Release|Any CPU
		{7C9A88E4-DBD4-40A2-AE47-05B169205261}.Release|Any CPU.Build.0 = Release|Any CPU
		{70CF09A0-D374-42A2-851C-5C934C5E7EB0}.Debug|Any CPU.ActiveCfg = Debug|Any CPU
		{70CF09A0-D374-42A2-851C-5C934C5E7EB0}.Debug|Any CPU.Build.0 = Debug|Any CPU
		{70CF09A0-D374-42A2-851C-5C934C5E7EB0}.Release|Any CPU.ActiveCfg = Release|Any CPU
		{70CF09A0-D374-42A2-851C-5C934C5E7EB0}.Release|Any CPU.Build.0 = Release|Any CPU
	EndGlobalSection
	GlobalSection(SolutionProperties) = preSolution
		HideSolutionNode = FALSE
	EndGlobalSection
	GlobalSection(NestedProjects) = preSolution
		{88BDCF76-562C-42A0-A8E3-FA522A1E4AE6} = {52412EFB-4B46-4F59-8BBE-DEE30865B908}
		{63EFF309-6A29-4481-9FF0-7BD5EF0A658A} = {52412EFB-4B46-4F59-8BBE-DEE30865B908}
		{939F1CB4-3773-4C43-BCB1-526D38D2F8F3} = {52412EFB-4B46-4F59-8BBE-DEE30865B908}
		{58F021EF-767F-4775-9E07-C85094599E0D} = {AECD6714-BB36-4735-9140-B956C2F3BED3}
		{3419782F-5B41-4EDC-8BD2-39DD519D2E13} = {52412EFB-4B46-4F59-8BBE-DEE30865B908}
		{B00740CD-2386-4973-8B8D-EA05B04C3F03} = {52412EFB-4B46-4F59-8BBE-DEE30865B908}
		{D62DF481-525C-48A6-B3DF-CA2DF24EBD78} = {52412EFB-4B46-4F59-8BBE-DEE30865B908}
		{3C8E00C8-4C31-42FE-81A0-DE61EB096389} = {52412EFB-4B46-4F59-8BBE-DEE30865B908}
		{7C9A88E4-DBD4-40A2-AE47-05B169205261} = {52412EFB-4B46-4F59-8BBE-DEE30865B908}
		{70CF09A0-D374-42A2-851C-5C934C5E7EB0} = {52412EFB-4B46-4F59-8BBE-DEE30865B908}
	EndGlobalSection
EndGlobal
